
Microsoft Visual Studio Solution File, Format Version 12.00
# Visual Studio 15
VisualStudioVersion = 15.0.27130.0
MinimumVisualStudioVersion = 10.0.40219.1
Project("{9A19103F-16F7-4668-BE54-9A1E7A4F7556}") = "TokenApi", "TokenApi\TokenApi.csproj", "{93BB7A6A-2E8B-47CC-8585-AD02E59C04F9}"
EndProject
Project("{FAE04EC0-301F-11D3-BF4B-00C04F79EFBC}") = "TokenApi.Common", "TokenApi.Common\TokenApi.Common.csproj", "{03B14414-6A03-4ED7-B9BE-A10ABAEE1F5D}"
EndProject
Project("{FAE04EC0-301F-11D3-BF4B-00C04F79EFBC}") = "TokenApi.Security.Common", "TokenApi.Security.Common\TokenApi.Security.Common.csproj", "{9AD1C906-2831-49A7-90B6-70280E9376E8}"
EndProject
Project("{FAE04EC0-301F-11D3-BF4B-00C04F79EFBC}") = "TokenApi.Security.Jwt", "TokenApi.Security.Jwt\TokenApi.Security.Jwt.csproj", "{F28F37EE-9C69-415E-B6BC-A3B0D88F8363}"
EndProject
Project("{FAE04EC0-301F-11D3-BF4B-00C04F79EFBC}") = "TokenApi.Security.ActiveDirectory", "TokenApi.Security.ActiveDirectory\TokenApi.Security.ActiveDirectory.csproj", "{4CC63B49-A0B1-4924-B9A5-CFC9716A2453}"
EndProject
Project("{FAE04EC0-301F-11D3-BF4B-00C04F79EFBC}") = "TokenApi.Security", "TokenApi.Security\TokenApi.Security.csproj", "{A66A6512-678B-4619-AB37-E8A41DC7FB87}"
EndProject
Project("{FAE04EC0-301F-11D3-BF4B-00C04F79EFBC}") = "TokenApi.Security.Jwt.UnitTests", "TokenApi.Security.Jwt.UnitTests\TokenApi.Security.Jwt.UnitTests.csproj", "{91F739E9-A2DC-4519-AC18-204EFD0DD3A3}"
EndProject
Project("{FAE04EC0-301F-11D3-BF4B-00C04F79EFBC}") = "Token.Api.Security.UnitTests", "Token.Api.Security.UnitTests\Token.Api.Security.UnitTests.csproj", "{F4D9FC3D-6AD5-4BFD-AD2E-1F38144B38EE}"
EndProject
Project("{FAE04EC0-301F-11D3-BF4B-00C04F79EFBC}") = "TokenApi.UnitTests", "TokenApi.UnitTests\TokenApi.UnitTests.csproj", "{6A2AC476-0BF8-40B1-81EB-534C5D2252D4}"
EndProject
Project("{FAE04EC0-301F-11D3-BF4B-00C04F79EFBC}") = "TokenApi.IntegrationTests", "TokenApi.IntegrationTests\TokenApi.IntegrationTests.csproj", "{67951037-64F2-4758-979D-1A6F299BA5B8}"
EndProject
Global
	GlobalSection(SolutionConfigurationPlatforms) = preSolution
		Debug|Any CPU = Debug|Any CPU
		Release|Any CPU = Release|Any CPU
	EndGlobalSection
	GlobalSection(ProjectConfigurationPlatforms) = postSolution
		{93BB7A6A-2E8B-47CC-8585-AD02E59C04F9}.Debug|Any CPU.ActiveCfg = Debug|Any CPU
		{93BB7A6A-2E8B-47CC-8585-AD02E59C04F9}.Debug|Any CPU.Build.0 = Debug|Any CPU
		{93BB7A6A-2E8B-47CC-8585-AD02E59C04F9}.Release|Any CPU.ActiveCfg = Release|Any CPU
		{93BB7A6A-2E8B-47CC-8585-AD02E59C04F9}.Release|Any CPU.Build.0 = Release|Any CPU
		{03B14414-6A03-4ED7-B9BE-A10ABAEE1F5D}.Debug|Any CPU.ActiveCfg = Debug|Any CPU
		{03B14414-6A03-4ED7-B9BE-A10ABAEE1F5D}.Debug|Any CPU.Build.0 = Debug|Any CPU
		{03B14414-6A03-4ED7-B9BE-A10ABAEE1F5D}.Release|Any CPU.ActiveCfg = Release|Any CPU
		{03B14414-6A03-4ED7-B9BE-A10ABAEE1F5D}.Release|Any CPU.Build.0 = Release|Any CPU
		{9AD1C906-2831-49A7-90B6-70280E9376E8}.Debug|Any CPU.ActiveCfg = Debug|Any CPU
		{9AD1C906-2831-49A7-90B6-70280E9376E8}.Debug|Any CPU.Build.0 = Debug|Any CPU
		{9AD1C906-2831-49A7-90B6-70280E9376E8}.Release|Any CPU.ActiveCfg = Release|Any CPU
		{9AD1C906-2831-49A7-90B6-70280E9376E8}.Release|Any CPU.Build.0 = Release|Any CPU
		{F28F37EE-9C69-415E-B6BC-A3B0D88F8363}.Debug|Any CPU.ActiveCfg = Debug|Any CPU
		{F28F37EE-9C69-415E-B6BC-A3B0D88F8363}.Debug|Any CPU.Build.0 = Debug|Any CPU
		{F28F37EE-9C69-415E-B6BC-A3B0D88F8363}.Release|Any CPU.ActiveCfg = Release|Any CPU
		{F28F37EE-9C69-415E-B6BC-A3B0D88F8363}.Release|Any CPU.Build.0 = Release|Any CPU
		{4CC63B49-A0B1-4924-B9A5-CFC9716A2453}.Debug|Any CPU.ActiveCfg = Debug|Any CPU
		{4CC63B49-A0B1-4924-B9A5-CFC9716A2453}.Debug|Any CPU.Build.0 = Debug|Any CPU
		{4CC63B49-A0B1-4924-B9A5-CFC9716A2453}.Release|Any CPU.ActiveCfg = Release|Any CPU
		{4CC63B49-A0B1-4924-B9A5-CFC9716A2453}.Release|Any CPU.Build.0 = Release|Any CPU
		{A66A6512-678B-4619-AB37-E8A41DC7FB87}.Debug|Any CPU.ActiveCfg = Debug|Any CPU
		{A66A6512-678B-4619-AB37-E8A41DC7FB87}.Debug|Any CPU.Build.0 = Debug|Any CPU
		{A66A6512-678B-4619-AB37-E8A41DC7FB87}.Release|Any CPU.ActiveCfg = Release|Any CPU
		{A66A6512-678B-4619-AB37-E8A41DC7FB87}.Release|Any CPU.Build.0 = Release|Any CPU
		{91F739E9-A2DC-4519-AC18-204EFD0DD3A3}.Debug|Any CPU.ActiveCfg = Debug|Any CPU
		{91F739E9-A2DC-4519-AC18-204EFD0DD3A3}.Debug|Any CPU.Build.0 = Debug|Any CPU
		{91F739E9-A2DC-4519-AC18-204EFD0DD3A3}.Release|Any CPU.ActiveCfg = Release|Any CPU
		{91F739E9-A2DC-4519-AC18-204EFD0DD3A3}.Release|Any CPU.Build.0 = Release|Any CPU
		{F4D9FC3D-6AD5-4BFD-AD2E-1F38144B38EE}.Debug|Any CPU.ActiveCfg = Debug|Any CPU
		{F4D9FC3D-6AD5-4BFD-AD2E-1F38144B38EE}.Debug|Any CPU.Build.0 = Debug|Any CPU
		{F4D9FC3D-6AD5-4BFD-AD2E-1F38144B38EE}.Release|Any CPU.ActiveCfg = Release|Any CPU
		{F4D9FC3D-6AD5-4BFD-AD2E-1F38144B38EE}.Release|Any CPU.Build.0 = Release|Any CPU
		{6A2AC476-0BF8-40B1-81EB-534C5D2252D4}.Debug|Any CPU.ActiveCfg = Debug|Any CPU
		{6A2AC476-0BF8-40B1-81EB-534C5D2252D4}.Debug|Any CPU.Build.0 = Debug|Any CPU
		{6A2AC476-0BF8-40B1-81EB-534C5D2252D4}.Release|Any CPU.ActiveCfg = Release|Any CPU
		{6A2AC476-0BF8-40B1-81EB-534C5D2252D4}.Release|Any CPU.Build.0 = Release|Any CPU
		{67951037-64F2-4758-979D-1A6F299BA5B8}.Debug|Any CPU.ActiveCfg = Debug|Any CPU
		{67951037-64F2-4758-979D-1A6F299BA5B8}.Debug|Any CPU.Build.0 = Debug|Any CPU
		{67951037-64F2-4758-979D-1A6F299BA5B8}.Release|Any CPU.ActiveCfg = Release|Any CPU
		{67951037-64F2-4758-979D-1A6F299BA5B8}.Release|Any CPU.Build.0 = Release|Any CPU
	EndGlobalSection
	GlobalSection(SolutionProperties) = preSolution
		HideSolutionNode = FALSE
	EndGlobalSection
	GlobalSection(ExtensibilityGlobals) = postSolution
		SolutionGuid = {59B79246-0EB3-4BA4-9C3D-2E8F7F56795C}
	EndGlobalSection
EndGlobal
